{
  "name": "pkb",
  "lockfileVersion": 3,
  "requires": true,
  "packages": {
    "": {
      "dependencies": {
        "@electric-sql/pglite": "^0.3.15",
        "@electric-sql/pglite-socket": "^0.0.21",
        "postgres": "^3.4.8"
      }
    },
    "node_modules/@electric-sql/pglite": {
      "version": "0.3.15",
      "resolved": "https://registry.npmjs.org/@electric-sql/pglite/-/pglite-0.3.15.tgz",
      "integrity": "sha512-Cj++n1Mekf9ETfdc16TlDi+cDDQF0W7EcbyRHYOAeZdsAe8M/FJg18itDTSwyHfar2WIezawM9o0EKaRGVKygQ==",
      "license": "Apache-2.0"
    },
    "node_modules/@electric-sql/pglite-socket": {
      "version": "0.0.21",
      "resolved": "https://registry.npmjs.org/@electric-sql/pglite-socket/-/pglite-socket-0.0.21.tgz",
      "integrity": "sha512-IKoIsPxYeQMn6V1Vi4yeSEgE08VvGzy/GYMCzXG0g0Bz/CXfCEPWldm/tJZ7BQUwfC2oz0MsrVJ3DGCBQvZOsQ==",
      "license": "Apache-2.0",
      "bin": {
        "pglite-server": "dist/scripts/server.js"
      },
      "peerDependencies": {
        "@electric-sql/pglite": "0.3.15"
      }
    },
    "node_modules/postgres": {
      "version": "3.4.8",
      "resolved": "https://registry.npmjs.org/postgres/-/postgres-3.4.8.tgz",
      "integrity": "sha512-d+JFcLM17njZaOLkv6SCev7uoLaBtfK86vMUXhW1Z4glPWh4jozno9APvW/XKFJ3CCxVoC7OL38BqRydtu5nGg==",
      "license": "Unlicense",
      "engines": {
        "node": ">=12"
      },
      "funding": {
        "type": "individual",
        "url": "https://github.com/sponsors/porsager"
      }
    }
  }
}
